{
  "nodes": {
    "Bekaboo/dropbar.nvim": {
      "flake": false,
      "locked": {
        "lastModified": 1731445110,
        "narHash": "sha256-xz2Ve+qPIJvtXHNHZVHagqIsmPEAWznJEHT9cSIvJjg=",
        "owner": "Bekaboo",
        "repo": "dropbar.nvim",
        "rev": "52319b03a15a37641b1ae80e0c4ba893c401f8b1",
        "type": "github"
      },
      "original": {
        "owner": "Bekaboo",
        "repo": "dropbar.nvim",
        "type": "github"
      }
    },
    "L3MON4D3/LuaSnip": {
      "flake": false,
      "locked": {
        "lastModified": 1731421019,
        "narHash": "sha256-EBhlTaMs5ugDdA6WUcOWI2VL68BOruRUoiaMei4ECPQ=",
        "owner": "L3MON4D3",
        "repo": "LuaSnip",
        "rev": "659c4479529a05cc9b05ef762639a09d366cc690",
        "type": "github"
      },
      "original": {
        "owner": "L3MON4D3",
        "repo": "LuaSnip",
        "type": "github"
      }
    },
    "MunifTanjim/nui.nvim": {
      "flake": false,
      "locked": {
        "lastModified": 1726376728,
        "narHash": "sha256-90Wq+vT361mTaGU/SvAezqJkX9HHmZ2GI2fKBDxPn04=",
        "owner": "MunifTanjim",
        "repo": "nui.nvim",
        "rev": "b58e2bfda5cea347c9d58b7f11cf3012c7b3953f",
        "type": "github"
      },
      "original": {
        "owner": "MunifTanjim",
        "repo": "nui.nvim",
        "type": "github"
      }
    },
    "NMAC427/guess-indent.nvim": {
      "flake": false,
      "locked": {
        "lastModified": 1720291003,
        "narHash": "sha256-mzX9LgG2+9aj2lMPlSZh3zP3wphHQdecXe7RHP1baT0=",
        "owner": "NMAC427",
        "repo": "guess-indent.nvim",
        "rev": "6cd61f7a600bb756e558627cd2e740302c58e32d",
        "type": "github"
      },
      "original": {
        "owner": "NMAC427",
        "repo": "guess-indent.nvim",
        "type": "github"
      }
    },
    "NeogitOrg/neogit": {
      "flake": false,
      "locked": {
        "lastModified": 1731542716,
        "narHash": "sha256-xpLwwhiMINFCuPDG0hm7Jrnkiw+pjDMutyVntGPxsLs=",
        "owner": "NeogitOrg",
        "repo": "neogit",
        "rev": "89d13fb9898619774d359a3900959181d60dd02f",
        "type": "github"
      },
      "original": {
        "owner": "NeogitOrg",
        "repo": "neogit",
        "type": "github"
      }
    },
    "NvChad/nvim-colorizer.lua": {
      "flake": false,
      "locked": {
        "lastModified": 1730855006,
        "narHash": "sha256-jDnTDUzslVa+4S2vAwqUZeJN+9Fxf5Naunf6uG54HLI=",
        "owner": "NvChad",
        "repo": "nvim-colorizer.lua",
        "rev": "f134063618a65cad4d7415fddbd96ff7e0c5b4ae",
        "type": "github"
      },
      "original": {
        "owner": "NvChad",
        "repo": "nvim-colorizer.lua",
        "type": "github"
      }
    },
    "akinsho/bufferline.nvim": {
      "flake": false,
      "locked": {
        "lastModified": 1729768480,
        "narHash": "sha256-MpSX8a51Avc9O1XxfWIDOVLiqD7omwAFIwSa02oXNs0=",
        "owner": "akinsho",
        "repo": "bufferline.nvim",
        "rev": "5cc447cb2b463cb499c82eaeabbed4f5fa6a0a44",
        "type": "github"
      },
      "original": {
        "owner": "akinsho",
        "repo": "bufferline.nvim",
        "type": "github"
      }
    },
    "andrewferrier/debugprint.nvim": {
      "flake": false,
      "locked": {
        "lastModified": 1731089719,
        "narHash": "sha256-arakRbQgswF+E0Tolx6Bm8tql3IzluorWyy1OlrpcyA=",
        "owner": "andrewferrier",
        "repo": "debugprint.nvim",
        "rev": "7b7a02c76d372818ed21f9d0755e342a25a64d31",
        "type": "github"
      },
      "original": {
        "owner": "andrewferrier",
        "repo": "debugprint.nvim",
        "type": "github"
      }
    },
    "catppuccin/nvim": {
      "flake": false,
      "locked": {
        "lastModified": 1731169755,
        "narHash": "sha256-lsnePejThsEygTCKV/rfJJ/h+RSrro91am841iznJe4=",
        "owner": "catppuccin",
        "repo": "nvim",
        "rev": "637d99e638bc6f1efedac582f6ccab08badac0c6",
        "type": "github"
      },
      "original": {
        "owner": "catppuccin",
        "repo": "nvim",
        "type": "github"
      }
    },
    "direnv/direnv.vim": {
      "flake": false,
      "locked": {
        "lastModified": 1701514458,
        "narHash": "sha256-Lwwm95UEkS8Q0Qsoh10o3sFn48wf7v7eCX/FJJV1HMI=",
        "owner": "direnv",
        "repo": "direnv.vim",
        "rev": "ab2a7e08dd630060cd81d7946739ac7442a4f269",
        "type": "github"
      },
      "original": {
        "owner": "direnv",
        "repo": "direnv.vim",
        "type": "github"
      }
    },
    "flake-utils": {
      "inputs": {
        "systems": "systems"
      },
      "locked": {
        "lastModified": 1731533236,
        "narHash": "sha256-l0KFg5HjrsfsO/JpG+r7fRrqm12kzFHyUHqHCVpMMbI=",
        "owner": "numtide",
        "repo": "flake-utils",
        "rev": "11707dc2f618dd54ca8739b309ec4fc024de578b",
        "type": "github"
      },
      "original": {
        "owner": "numtide",
        "repo": "flake-utils",
        "type": "github"
      }
    },
    "folke/lazy.nvim": {
      "flake": false,
      "locked": {
        "lastModified": 1731319679,
        "narHash": "sha256-fxl5um2Dh7P5iCgGG0vXFKVZfor49djvcS/H9FPqLGg=",
        "owner": "folke",
        "repo": "lazy.nvim",
        "rev": "7967abe55752aa90532e6bb4bd4663fe27a264cb",
        "type": "github"
      },
      "original": {
        "owner": "folke",
        "repo": "lazy.nvim",
        "type": "github"
      }
    },
    "folke/which-key.nvim": {
      "flake": false,
      "locked": {
        "lastModified": 1730919714,
        "narHash": "sha256-5t6UnOP2+CXB55/C4YWbp2pE+xKDLMvCJK8m085Fk4w=",
        "owner": "folke",
        "repo": "which-key.nvim",
        "rev": "68e37e12913a66b60073906f5d3f14dee0de19f2",
        "type": "github"
      },
      "original": {
        "owner": "folke",
        "repo": "which-key.nvim",
        "type": "github"
      }
    },
    "freddiehaddad/feline.nvim": {
      "flake": false,
      "locked": {
        "lastModified": 1731467236,
        "narHash": "sha256-/TqgHJo2ej/V5bubTdTlf5S+EZmSpU5F2Mdi0SHCD30=",
        "owner": "freddiehaddad",
        "repo": "feline.nvim",
        "rev": "9f1313f61a75ec5ebe805fedd46bdc130c420963",
        "type": "github"
      },
      "original": {
        "owner": "freddiehaddad",
        "repo": "feline.nvim",
        "type": "github"
      }
    },
    "hrsh7th/cmp-buffer": {
      "flake": false,
      "locked": {
        "lastModified": 1660101488,
        "narHash": "sha256-dG4U7MtnXThoa/PD+qFtCt76MQ14V1wX8GMYcvxEnbM=",
        "owner": "hrsh7th",
        "repo": "cmp-buffer",
        "rev": "3022dbc9166796b644a841a02de8dd1cc1d311fa",
        "type": "github"
      },
      "original": {
        "owner": "hrsh7th",
        "repo": "cmp-buffer",
        "type": "github"
      }
    },
    "hrsh7th/cmp-cmdline": {
      "flake": false,
      "locked": {
        "lastModified": 1711081050,
        "narHash": "sha256-iBmXp+gUSMbgfkv7c7RDQAwPq02e07wEnBETP0dWBOo=",
        "owner": "hrsh7th",
        "repo": "cmp-cmdline",
        "rev": "d250c63aa13ead745e3a40f61fdd3470efde3923",
        "type": "github"
      },
      "original": {
        "owner": "hrsh7th",
        "repo": "cmp-cmdline",
        "type": "github"
      }
    },
    "hrsh7th/cmp-nvim-lsp": {
      "flake": false,
      "locked": {
        "lastModified": 1715931395,
        "narHash": "sha256-CT1+Z4XJBVsl/RqvJeGmyitD6x7So0ylXvvef5jh7I8=",
        "owner": "hrsh7th",
        "repo": "cmp-nvim-lsp",
        "rev": "39e2eda76828d88b773cc27a3f61d2ad782c922d",
        "type": "github"
      },
      "original": {
        "owner": "hrsh7th",
        "repo": "cmp-nvim-lsp",
        "type": "github"
      }
    },
    "hrsh7th/cmp-path": {
      "flake": false,
      "locked": {
        "lastModified": 1664784283,
        "narHash": "sha256-thppiiV3wjIaZnAXmsh7j3DUc6ceSCvGzviwFUnoPaI=",
        "owner": "hrsh7th",
        "repo": "cmp-path",
        "rev": "91ff86cd9c29299a64f968ebb45846c485725f23",
        "type": "github"
      },
      "original": {
        "owner": "hrsh7th",
        "repo": "cmp-path",
        "type": "github"
      }
    },
    "hrsh7th/nvim-cmp": {
      "flake": false,
      "locked": {
        "lastModified": 1730523275,
        "narHash": "sha256-iNEoMl/X0nh2sAio1h+dkuobeOXRBXKFJCcElUyyW54=",
        "owner": "hrsh7th",
        "repo": "nvim-cmp",
        "rev": "f17d9b4394027ff4442b298398dfcaab97e40c4f",
        "type": "github"
      },
      "original": {
        "owner": "hrsh7th",
        "repo": "nvim-cmp",
        "type": "github"
      }
    },
    "kylechui/nvim-surround": {
      "flake": false,
      "locked": {
        "lastModified": 1730136751,
        "narHash": "sha256-XVwvoM3Id9lCi9EgK/Y944UuCXj9niTnZ5I5+d1yVqQ=",
        "owner": "kylechui",
        "repo": "nvim-surround",
        "rev": "dca2e998ff26681ee422b92c6ed39b3d2908d8a9",
        "type": "github"
      },
      "original": {
        "owner": "kylechui",
        "repo": "nvim-surround",
        "type": "github"
      }
    },
    "lewis6991/gitsigns.nvim": {
      "flake": false,
      "locked": {
        "lastModified": 1731605154,
        "narHash": "sha256-8vWilpsVw22+nAEAjhGOvZniRRj5r1UITcW9YeuDH8o=",
        "owner": "lewis6991",
        "repo": "gitsigns.nvim",
        "rev": "ac5aba6dce8c06ea22bea2c9016f51a2dbf90dc7",
        "type": "github"
      },
      "original": {
        "owner": "lewis6991",
        "repo": "gitsigns.nvim",
        "type": "github"
      }
    },
    "lukas-reineke/indent-blankline.nvim": {
      "flake": false,
      "locked": {
        "lastModified": 1731320409,
        "narHash": "sha256-WVDNi/woG0ohPEYzM83mmXDCRNYnQbqooSDVUtBsJbY=",
        "owner": "lukas-reineke",
        "repo": "indent-blankline.nvim",
        "rev": "7871a88056f7144defca9c931e311a3134c5d509",
        "type": "github"
      },
      "original": {
        "owner": "lukas-reineke",
        "repo": "indent-blankline.nvim",
        "type": "github"
      }
    },
    "neovim/nvim-lspconfig": {
      "flake": false,
      "locked": {
        "lastModified": 1731651852,
        "narHash": "sha256-enldOaHszQH7fUxUEWFNcWedH9zatrNp/Dh7vHGBz/o=",
        "owner": "neovim",
        "repo": "nvim-lspconfig",
        "rev": "87c7c83ce62971e0bdb29bb32b8ad2b19c8f95d0",
        "type": "github"
      },
      "original": {
        "owner": "neovim",
        "repo": "nvim-lspconfig",
        "type": "github"
      }
    },
    "nixpkgs": {
      "locked": {
        "lastModified": 1730531603,
        "narHash": "sha256-Dqg6si5CqIzm87sp57j5nTaeBbWhHFaVyG7V6L8k3lY=",
        "owner": "NixOS",
        "repo": "nixpkgs",
        "rev": "7ffd9ae656aec493492b44d0ddfb28e79a1ea25d",
        "type": "github"
      },
      "original": {
        "owner": "NixOS",
        "ref": "nixos-unstable",
        "repo": "nixpkgs",
        "type": "github"
      }
    },
    "nvim-lua/plenary.nvim": {
      "flake": false,
      "locked": {
        "lastModified": 1726602776,
        "narHash": "sha256-bmmPekAvuBvLQmrnnX0n+FRBqfVxBsObhxIEkDGAla4=",
        "owner": "nvim-lua",
        "repo": "plenary.nvim",
        "rev": "2d9b06177a975543726ce5c73fca176cedbffe9d",
        "type": "github"
      },
      "original": {
        "owner": "nvim-lua",
        "repo": "plenary.nvim",
        "type": "github"
      }
    },
    "nvim-neo-tree/neo-tree.nvim": {
      "flake": false,
      "locked": {
        "lastModified": 1726542367,
        "narHash": "sha256-Lqt0KJNT9HmpJwZoWChYeVBrDWhscRe8COqVCwgcTwk=",
        "owner": "nvim-neo-tree",
        "repo": "neo-tree.nvim",
        "rev": "a77af2e764c5ed4038d27d1c463fa49cd4794e07",
        "type": "github"
      },
      "original": {
        "owner": "nvim-neo-tree",
        "repo": "neo-tree.nvim",
        "type": "github"
      }
    },
    "nvim-telescope/telescope-ui-select.nvim": {
      "flake": false,
      "locked": {
        "lastModified": 1701723223,
        "narHash": "sha256-YRhNmmG4gx9Ht8JwjQfbTjJyTHEuZmtP6lqnhOsk8bE=",
        "owner": "nvim-telescope",
        "repo": "telescope-ui-select.nvim",
        "rev": "6e51d7da30bd139a6950adf2a47fda6df9fa06d2",
        "type": "github"
      },
      "original": {
        "owner": "nvim-telescope",
        "repo": "telescope-ui-select.nvim",
        "type": "github"
      }
    },
    "nvim-telescope/telescope.nvim": {
      "flake": false,
      "locked": {
        "lastModified": 1730164948,
        "narHash": "sha256-Qa/f+0asQvA8mhIUajC4BGZCI92OqA6ySVoQSC3ZY3s=",
        "owner": "nvim-telescope",
        "repo": "telescope.nvim",
        "rev": "85922dde3767e01d42a08e750a773effbffaea3e",
        "type": "github"
      },
      "original": {
        "owner": "nvim-telescope",
        "repo": "telescope.nvim",
        "type": "github"
      }
    },
    "nvim-tree/nvim-web-devicons": {
      "flake": false,
      "locked": {
        "lastModified": 1728608318,
        "narHash": "sha256-SUWEOp+QcfHjYaqqr4Zwvh0x91IAJXvrdMkQtuWMlGc=",
        "owner": "nvim-tree",
        "repo": "nvim-web-devicons",
        "rev": "19d257cf889f79f4022163c3fbb5e08639077bd8",
        "type": "github"
      },
      "original": {
        "owner": "nvim-tree",
        "repo": "nvim-web-devicons",
        "type": "github"
      }
    },
    "nvim-treesitter/nvim-treesitter": {
      "flake": false,
      "locked": {
        "lastModified": 1731661756,
        "narHash": "sha256-hLc/4JeU1Gc59jaOqn8wgCPGZG+9jMR08bi2Y7oTIwQ=",
        "owner": "nvim-treesitter",
        "repo": "nvim-treesitter",
        "rev": "13c7caf8a602488b37cdefe8543c4cfdd5947d9d",
        "type": "github"
      },
      "original": {
        "owner": "nvim-treesitter",
        "repo": "nvim-treesitter",
        "type": "github"
      }
    },
    "nvimdev/dashboard-nvim": {
      "flake": false,
      "locked": {
        "lastModified": 1730526793,
        "narHash": "sha256-Qi8kmC3U8Tvxh0pWIBtN3DuWJioEGWn7FqQ8lQwauRo=",
        "owner": "nvimdev",
        "repo": "dashboard-nvim",
        "rev": "ae309606940d26d8c9df8b048a6e136b6bbec478",
        "type": "github"
      },
      "original": {
        "owner": "nvimdev",
        "repo": "dashboard-nvim",
        "type": "github"
      }
    },
    "rafamadriz/friendly-snippets": {
      "flake": false,
      "locked": {
        "lastModified": 1728273759,
        "narHash": "sha256-H94Ryad0ZsSg/gioUgW+7sowij7GgtEUMNFi1IOZAys=",
        "owner": "rafamadriz",
        "repo": "friendly-snippets",
        "rev": "de8fce94985873666bd9712ea3e49ee17aadb1ed",
        "type": "github"
      },
      "original": {
        "owner": "rafamadriz",
        "repo": "friendly-snippets",
        "type": "github"
      }
    },
    "rcarriga/nvim-notify": {
      "flake": false,
      "locked": {
        "lastModified": 1727022370,
        "narHash": "sha256-Sd7IR5roXHOKRCxhqtYMhWfEltyRJMDEMDO/ecSKenE=",
        "owner": "rcarriga",
        "repo": "nvim-notify",
        "rev": "fbef5d32be8466dd76544a257d3f3dce20082a07",
        "type": "github"
      },
      "original": {
        "owner": "rcarriga",
        "repo": "nvim-notify",
        "type": "github"
      }
    },
    "root": {
      "inputs": {
        "Bekaboo/dropbar.nvim": "Bekaboo/dropbar.nvim",
        "L3MON4D3/LuaSnip": "L3MON4D3/LuaSnip",
        "MunifTanjim/nui.nvim": "MunifTanjim/nui.nvim",
        "NMAC427/guess-indent.nvim": "NMAC427/guess-indent.nvim",
        "NeogitOrg/neogit": "NeogitOrg/neogit",
        "NvChad/nvim-colorizer.lua": "NvChad/nvim-colorizer.lua",
        "akinsho/bufferline.nvim": "akinsho/bufferline.nvim",
        "andrewferrier/debugprint.nvim": "andrewferrier/debugprint.nvim",
        "catppuccin/nvim": "catppuccin/nvim",
        "direnv/direnv.vim": "direnv/direnv.vim",
        "flake-utils": "flake-utils",
        "folke/lazy.nvim": "folke/lazy.nvim",
        "folke/which-key.nvim": "folke/which-key.nvim",
        "freddiehaddad/feline.nvim": "freddiehaddad/feline.nvim",
        "hrsh7th/cmp-buffer": "hrsh7th/cmp-buffer",
        "hrsh7th/cmp-cmdline": "hrsh7th/cmp-cmdline",
        "hrsh7th/cmp-nvim-lsp": "hrsh7th/cmp-nvim-lsp",
        "hrsh7th/cmp-path": "hrsh7th/cmp-path",
        "hrsh7th/nvim-cmp": "hrsh7th/nvim-cmp",
        "kylechui/nvim-surround": "kylechui/nvim-surround",
        "lewis6991/gitsigns.nvim": "lewis6991/gitsigns.nvim",
        "lukas-reineke/indent-blankline.nvim": "lukas-reineke/indent-blankline.nvim",
        "neovim/nvim-lspconfig": "neovim/nvim-lspconfig",
        "nixpkgs": "nixpkgs",
        "nvim-lua/plenary.nvim": "nvim-lua/plenary.nvim",
        "nvim-neo-tree/neo-tree.nvim": "nvim-neo-tree/neo-tree.nvim",
        "nvim-telescope/telescope-ui-select.nvim": "nvim-telescope/telescope-ui-select.nvim",
        "nvim-telescope/telescope.nvim": "nvim-telescope/telescope.nvim",
        "nvim-tree/nvim-web-devicons": "nvim-tree/nvim-web-devicons",
        "nvim-treesitter/nvim-treesitter": "nvim-treesitter/nvim-treesitter",
        "nvimdev/dashboard-nvim": "nvimdev/dashboard-nvim",
        "rafamadriz/friendly-snippets": "rafamadriz/friendly-snippets",
        "rcarriga/nvim-notify": "rcarriga/nvim-notify",
        "saadparwaiz1/cmp_luasnip": "saadparwaiz1/cmp_luasnip",
        "sindrets/diffview.nvim": "sindrets/diffview.nvim",
        "stevearc/aerial.nvim": "stevearc/aerial.nvim",
        "stevearc/conform.nvim": "stevearc/conform.nvim",
        "tiagovla/scope.nvim": "tiagovla/scope.nvim",
        "windwp/nvim-autopairs": "windwp/nvim-autopairs"
      }
    },
    "saadparwaiz1/cmp_luasnip": {
      "flake": false,
      "locked": {
        "lastModified": 1730707109,
        "narHash": "sha256-86lKQPPyqFz8jzuLajjHMKHrYnwW6+QOcPyQEx6B+gw=",
        "owner": "saadparwaiz1",
        "repo": "cmp_luasnip",
        "rev": "98d9cb5c2c38532bd9bdb481067b20fea8f32e90",
        "type": "github"
      },
      "original": {
        "owner": "saadparwaiz1",
        "repo": "cmp_luasnip",
        "type": "github"
      }
    },
    "sindrets/diffview.nvim": {
      "flake": false,
      "locked": {
        "lastModified": 1718279802,
        "narHash": "sha256-SX+ybIzL/w6uyCy4iZKnWnzTFwqB1oXSgyYVAdpdKi8=",
        "owner": "sindrets",
        "repo": "diffview.nvim",
        "rev": "4516612fe98ff56ae0415a259ff6361a89419b0a",
        "type": "github"
      },
      "original": {
        "owner": "sindrets",
        "repo": "diffview.nvim",
        "type": "github"
      }
    },
    "stevearc/aerial.nvim": {
      "flake": false,
      "locked": {
        "lastModified": 1731517019,
        "narHash": "sha256-BlHvUg9bm7oe0lEloF+iVdtgCi5me+/01Oe4nUAmLns=",
        "owner": "stevearc",
        "repo": "aerial.nvim",
        "rev": "ddd25f57e5205b36bc2e939c486b47818bef9ec3",
        "type": "github"
      },
      "original": {
        "owner": "stevearc",
        "repo": "aerial.nvim",
        "type": "github"
      }
    },
    "stevearc/conform.nvim": {
      "flake": false,
      "locked": {
        "lastModified": 1731515724,
        "narHash": "sha256-RecTSlSd1ijhp5JQQUiaLZwYKUEV/EuGcd6gc1TjwNc=",
        "owner": "stevearc",
        "repo": "conform.nvim",
        "rev": "023f795dbcf32d4351b6a9ed2e613d471b5bb812",
        "type": "github"
      },
      "original": {
        "owner": "stevearc",
        "repo": "conform.nvim",
        "type": "github"
      }
    },
    "systems": {
      "locked": {
        "lastModified": 1681028828,
        "narHash": "sha256-Vy1rq5AaRuLzOxct8nz4T6wlgyUR7zLU309k9mBC768=",
        "owner": "nix-systems",
        "repo": "default",
        "rev": "da67096a3b9bf56a91d16901293e51ba5b49a27e",
        "type": "github"
      },
      "original": {
        "owner": "nix-systems",
        "repo": "default",
        "type": "github"
      }
    },
    "tiagovla/scope.nvim": {
      "flake": false,
      "locked": {
        "lastModified": 1726542516,
        "narHash": "sha256-2eM+KXsF66ocdaV4zVHy8afgP1v+Gj85R3XBhmDORtU=",
        "owner": "tiagovla",
        "repo": "scope.nvim",
        "rev": "932102696ead2b7ab9ff65017767b57e2722fdde",
        "type": "github"
      },
      "original": {
        "owner": "tiagovla",
        "repo": "scope.nvim",
        "type": "github"
      }
    },
    "windwp/nvim-autopairs": {
      "flake": false,
      "locked": {
        "lastModified": 1727742362,
        "narHash": "sha256-pqYOaEjKUd5YLVWX0Bf/kYT+sBlN1D24rOBuIz2BIqk=",
        "owner": "windwp",
        "repo": "nvim-autopairs",
        "rev": "ee297f215e95a60b01fde33275cc3c820eddeebe",
        "type": "github"
      },
      "original": {
        "owner": "windwp",
        "repo": "nvim-autopairs",
        "type": "github"
      }
    }
  },
  "root": "root",
  "version": 7
}
