{
  "nodes": {
    "MunifTanjim/nui.nvim": {
      "flake": false,
      "locked": {
        "lastModified": 1741233810,
        "narHash": "sha256-BYTY2ezYuxsneAl/yQbwL1aQvVWKSsN3IVqzTlrBSEU=",
        "owner": "MunifTanjim",
        "repo": "nui.nvim",
        "rev": "8d3bce9764e627b62b07424e0df77f680d47ffdb",
        "type": "github"
      },
      "original": {
        "owner": "MunifTanjim",
        "repo": "nui.nvim",
        "type": "github"
      }
    },
    "NMAC427/guess-indent.nvim": {
      "flake": false,
      "locked": {
        "lastModified": 1720291003,
        "narHash": "sha256-mzX9LgG2+9aj2lMPlSZh3zP3wphHQdecXe7RHP1baT0=",
        "owner": "NMAC427",
        "repo": "guess-indent.nvim",
        "rev": "6cd61f7a600bb756e558627cd2e740302c58e32d",
        "type": "github"
      },
      "original": {
        "owner": "NMAC427",
        "repo": "guess-indent.nvim",
        "type": "github"
      }
    },
    "NeogitOrg/neogit": {
      "flake": false,
      "locked": {
        "lastModified": 1741986669,
        "narHash": "sha256-4HLSTKNqngiFrRabffthYm3Zyfqr3IJCis9yhsH2Eps=",
        "owner": "NeogitOrg",
        "repo": "neogit",
        "rev": "333968f8222fda475d3e4545a9b15fe9912ca26a",
        "type": "github"
      },
      "original": {
        "owner": "NeogitOrg",
        "repo": "neogit",
        "type": "github"
      }
    },
    "NvChad/nvim-colorizer.lua": {
      "flake": false,
      "locked": {
        "lastModified": 1740839091,
        "narHash": "sha256-yOPUgqHe0WT437aX8kp0P/reNgjZUNNRG7hvDgaeXT0=",
        "owner": "NvChad",
        "repo": "nvim-colorizer.lua",
        "rev": "517df88cf2afb36652830df2c655df2da416a0ae",
        "type": "github"
      },
      "original": {
        "owner": "NvChad",
        "repo": "nvim-colorizer.lua",
        "type": "github"
      }
    },
    "OXY2DEV/markview.nvim": {
      "flake": false,
      "locked": {
        "lastModified": 1737771136,
        "narHash": "sha256-YPbdHLIW+MkLqaCh9d9/QZQb+HvwpHWxIzCX2VzxsA4=",
        "owner": "OXY2DEV",
        "repo": "markview.nvim",
        "rev": "c76411a2a5422b29ca935b6c212c27e785da2020",
        "type": "github"
      },
      "original": {
        "owner": "OXY2DEV",
        "ref": "dev",
        "repo": "markview.nvim",
        "type": "github"
      }
    },
    "Saghen/blink.cmp": {
      "flake": false,
      "locked": {
        "lastModified": 1742354149,
        "narHash": "sha256-/BdIKntd9nvRPsGgxBiPoKlxfMF+vIKRnq7cAb/5t4I=",
        "owner": "Saghen",
        "repo": "blink.cmp",
        "rev": "0a56a2337dad26c78183ef2a83df5fcbcf59fd00",
        "type": "github"
      },
      "original": {
        "owner": "Saghen",
        "repo": "blink.cmp",
        "type": "github"
      }
    },
    "akinsho/bufferline.nvim": {
      "flake": false,
      "locked": {
        "lastModified": 1736870559,
        "narHash": "sha256-ae4MB6+6v3awvfSUWlau9ASJ147ZpwuX1fvJdfMwo1Q=",
        "owner": "akinsho",
        "repo": "bufferline.nvim",
        "rev": "655133c3b4c3e5e05ec549b9f8cc2894ac6f51b3",
        "type": "github"
      },
      "original": {
        "owner": "akinsho",
        "repo": "bufferline.nvim",
        "type": "github"
      }
    },
    "catppuccin/nvim": {
      "flake": false,
      "locked": {
        "lastModified": 1740764472,
        "narHash": "sha256-4h/fzFY8JR9r+QnoiWEqgQKPMuu8i9HTC4v0Jp7iuUo=",
        "owner": "catppuccin",
        "repo": "nvim",
        "rev": "5b5e3aef9ad7af84f463d17b5479f06b87d5c429",
        "type": "github"
      },
      "original": {
        "owner": "catppuccin",
        "repo": "nvim",
        "type": "github"
      }
    },
    "flake-utils": {
      "inputs": {
        "systems": "systems"
      },
      "locked": {
        "lastModified": 1731533236,
        "narHash": "sha256-l0KFg5HjrsfsO/JpG+r7fRrqm12kzFHyUHqHCVpMMbI=",
        "owner": "numtide",
        "repo": "flake-utils",
        "rev": "11707dc2f618dd54ca8739b309ec4fc024de578b",
        "type": "github"
      },
      "original": {
        "owner": "numtide",
        "repo": "flake-utils",
        "type": "github"
      }
    },
    "folke/lazy.nvim": {
      "flake": false,
      "locked": {
        "lastModified": 1740511197,
        "narHash": "sha256-nQ8PR9DTdzg6Z2rViuVD6Pswc2VvDQwS3uMNgyDh5ls=",
        "owner": "folke",
        "repo": "lazy.nvim",
        "rev": "6c3bda4aca61a13a9c63f1c1d1b16b9d3be90d7a",
        "type": "github"
      },
      "original": {
        "owner": "folke",
        "repo": "lazy.nvim",
        "type": "github"
      }
    },
    "folke/snacks.nvim": {
      "flake": false,
      "locked": {
        "lastModified": 1740868622,
        "narHash": "sha256-Gw0Bp2YeoESiBLs3NPnqke3xwEjuiQDDU1CPofrhtig=",
        "owner": "folke",
        "repo": "snacks.nvim",
        "rev": "bc0630e43be5699bb94dadc302c0d21615421d93",
        "type": "github"
      },
      "original": {
        "owner": "folke",
        "repo": "snacks.nvim",
        "type": "github"
      }
    },
    "folke/which-key.nvim": {
      "flake": false,
      "locked": {
        "lastModified": 1740233407,
        "narHash": "sha256-uvMcSduMr7Kd2oUmIOYzvWF4FIl6bZxIYm9FSw/3pCo=",
        "owner": "folke",
        "repo": "which-key.nvim",
        "rev": "370ec46f710e058c9c1646273e6b225acf47cbed",
        "type": "github"
      },
      "original": {
        "owner": "folke",
        "repo": "which-key.nvim",
        "type": "github"
      }
    },
    "kosayoda/nvim-lightbulb": {
      "flake": false,
      "locked": {
        "lastModified": 1738682390,
        "narHash": "sha256-y3Fui9WdS9DVWcvcRttdv7yx0At8lmCmXh5ZnFb05/E=",
        "owner": "kosayoda",
        "repo": "nvim-lightbulb",
        "rev": "f7f61c47af5bf701b1f4af127bc565ab6491acbf",
        "type": "github"
      },
      "original": {
        "owner": "kosayoda",
        "repo": "nvim-lightbulb",
        "type": "github"
      }
    },
    "lewis6991/gitsigns.nvim": {
      "flake": false,
      "locked": {
        "lastModified": 1742140868,
        "narHash": "sha256-qWusbKY+3d1dkW5oLYDyfSLdt1qFlJdDeXgFWqQ4hUI=",
        "owner": "lewis6991",
        "repo": "gitsigns.nvim",
        "rev": "7010000889bfb6c26065e0b0f7f1e6aa9163edd9",
        "type": "github"
      },
      "original": {
        "owner": "lewis6991",
        "repo": "gitsigns.nvim",
        "type": "github"
      }
    },
    "lewis6991/satellite.nvim": {
      "flake": false,
      "locked": {
        "lastModified": 1741363453,
        "narHash": "sha256-QL80SANhvGkCC3/AxRhySfBfACbKBoBUTJzW0htpJc8=",
        "owner": "lewis6991",
        "repo": "satellite.nvim",
        "rev": "253bf5215a7329e0e24f7b0ec27c06eae13a6b79",
        "type": "github"
      },
      "original": {
        "owner": "lewis6991",
        "repo": "satellite.nvim",
        "type": "github"
      }
    },
    "neovim/nvim-lspconfig": {
      "flake": false,
      "locked": {
        "lastModified": 1742294080,
        "narHash": "sha256-ianirkMhft5JfQZqiywnD2J/WYHQZeRuQNDtHiSmDxk=",
        "owner": "neovim",
        "repo": "nvim-lspconfig",
        "rev": "185b2af444b27d6541c02d662b5b68190e5cf0c4",
        "type": "github"
      },
      "original": {
        "owner": "neovim",
        "repo": "nvim-lspconfig",
        "type": "github"
      }
    },
    "nixpkgs": {
      "locked": {
        "lastModified": 1739866667,
        "narHash": "sha256-EO1ygNKZlsAC9avfcwHkKGMsmipUk1Uc0TbrEZpkn64=",
        "owner": "NixOS",
        "repo": "nixpkgs",
        "rev": "73cf49b8ad837ade2de76f87eb53fc85ed5d4680",
        "type": "github"
      },
      "original": {
        "owner": "NixOS",
        "ref": "nixos-unstable",
        "repo": "nixpkgs",
        "type": "github"
      }
    },
    "nvim-lua/plenary.nvim": {
      "flake": false,
      "locked": {
        "lastModified": 1739311008,
        "narHash": "sha256-8FV5RjF7QbDmQOQynpK7uRKONKbPRYbOPugf9ZxNvUs=",
        "owner": "nvim-lua",
        "repo": "plenary.nvim",
        "rev": "857c5ac632080dba10aae49dba902ce3abf91b35",
        "type": "github"
      },
      "original": {
        "owner": "nvim-lua",
        "repo": "plenary.nvim",
        "type": "github"
      }
    },
    "nvim-lualine/lualine.nvim": {
      "flake": false,
      "locked": {
        "lastModified": 1742368035,
        "narHash": "sha256-Ap3B9XjO7IdDDp5uwO7enjTBuj+5ZIOOd+d8WIr1AY8=",
        "owner": "nvim-lualine",
        "repo": "lualine.nvim",
        "rev": "97b2e8b9b2e24dd1eb0663a56f065151d503cc03",
        "type": "github"
      },
      "original": {
        "owner": "nvim-lualine",
        "repo": "lualine.nvim",
        "type": "github"
      }
    },
    "nvim-neo-tree/neo-tree.nvim": {
      "flake": false,
      "locked": {
        "lastModified": 1742325978,
        "narHash": "sha256-JCPs/TqmGNw/4H7ouLUyBCdvNW258m/Lxky6ECdeED0=",
        "owner": "nvim-neo-tree",
        "repo": "neo-tree.nvim",
        "rev": "876c3298a6f822123b9b81b101d5809b1b5aa0c8",
        "type": "github"
      },
      "original": {
        "owner": "nvim-neo-tree",
        "repo": "neo-tree.nvim",
        "type": "github"
      }
    },
    "nvim-tree/nvim-web-devicons": {
      "flake": false,
      "locked": {
        "lastModified": 1742215722,
        "narHash": "sha256-JKOvXJr1s2lpP5aeRE7OC3IeOrF5uJxg/Tal3eScd6g=",
        "owner": "nvim-tree",
        "repo": "nvim-web-devicons",
        "rev": "4c3a5848ee0b09ecdea73adcd2a689190aeb728c",
        "type": "github"
      },
      "original": {
        "owner": "nvim-tree",
        "repo": "nvim-web-devicons",
        "type": "github"
      }
    },
    "nvim-treesitter/nvim-treesitter": {
      "flake": false,
      "locked": {
        "lastModified": 1742367359,
        "narHash": "sha256-ZmwwotdFGzrLVPkihbslW/hzfuWkV6rI9awvMPq5jOE=",
        "owner": "nvim-treesitter",
        "repo": "nvim-treesitter",
        "rev": "98a3fdd5d9807948be6f27a916a5b88a92383670",
        "type": "github"
      },
      "original": {
        "owner": "nvim-treesitter",
        "repo": "nvim-treesitter",
        "type": "github"
      }
    },
    "nvim-treesitter/nvim-treesitter-textobjects": {
      "flake": false,
      "locked": {
        "lastModified": 1742175961,
        "narHash": "sha256-2i2HrJLJvx2HwPua/wcJpuF3nlvNf/VzNq2PlsbfHdM=",
        "owner": "nvim-treesitter",
        "repo": "nvim-treesitter-textobjects",
        "rev": "9937e5e356e5b227ec56d83d0a9d0a0f6bc9cad4",
        "type": "github"
      },
      "original": {
        "owner": "nvim-treesitter",
        "repo": "nvim-treesitter-textobjects",
        "type": "github"
      }
    },
    "rafamadriz/friendly-snippets": {
      "flake": false,
      "locked": {
        "lastModified": 1733106470,
        "narHash": "sha256-I8SRZxnoNC6SOWW+scoA77Jwyxcb4eUczppLdyOiZe0=",
        "owner": "rafamadriz",
        "repo": "friendly-snippets",
        "rev": "efff286dd74c22f731cdec26a70b46e5b203c619",
        "type": "github"
      },
      "original": {
        "owner": "rafamadriz",
        "repo": "friendly-snippets",
        "type": "github"
      }
    },
    "root": {
      "inputs": {
        "MunifTanjim/nui.nvim": "MunifTanjim/nui.nvim",
        "NMAC427/guess-indent.nvim": "NMAC427/guess-indent.nvim",
        "NeogitOrg/neogit": "NeogitOrg/neogit",
        "NvChad/nvim-colorizer.lua": "NvChad/nvim-colorizer.lua",
        "OXY2DEV/markview.nvim": "OXY2DEV/markview.nvim",
        "Saghen/blink.cmp": "Saghen/blink.cmp",
        "akinsho/bufferline.nvim": "akinsho/bufferline.nvim",
        "catppuccin/nvim": "catppuccin/nvim",
        "flake-utils": "flake-utils",
        "folke/lazy.nvim": "folke/lazy.nvim",
        "folke/snacks.nvim": "folke/snacks.nvim",
        "folke/which-key.nvim": "folke/which-key.nvim",
        "kosayoda/nvim-lightbulb": "kosayoda/nvim-lightbulb",
        "lewis6991/gitsigns.nvim": "lewis6991/gitsigns.nvim",
        "lewis6991/satellite.nvim": "lewis6991/satellite.nvim",
        "neovim/nvim-lspconfig": "neovim/nvim-lspconfig",
        "nixpkgs": "nixpkgs",
        "nvim-lua/plenary.nvim": "nvim-lua/plenary.nvim",
        "nvim-lualine/lualine.nvim": "nvim-lualine/lualine.nvim",
        "nvim-neo-tree/neo-tree.nvim": "nvim-neo-tree/neo-tree.nvim",
        "nvim-tree/nvim-web-devicons": "nvim-tree/nvim-web-devicons",
        "nvim-treesitter/nvim-treesitter": "nvim-treesitter/nvim-treesitter",
        "nvim-treesitter/nvim-treesitter-textobjects": "nvim-treesitter/nvim-treesitter-textobjects",
        "rafamadriz/friendly-snippets": "rafamadriz/friendly-snippets",
        "sindrets/diffview.nvim": "sindrets/diffview.nvim",
        "stevearc/conform.nvim": "stevearc/conform.nvim",
        "tiagovla/scope.nvim": "tiagovla/scope.nvim",
        "windwp/nvim-autopairs": "windwp/nvim-autopairs"
      }
    },
    "sindrets/diffview.nvim": {
      "flake": false,
      "locked": {
        "lastModified": 1718279802,
        "narHash": "sha256-SX+ybIzL/w6uyCy4iZKnWnzTFwqB1oXSgyYVAdpdKi8=",
        "owner": "sindrets",
        "repo": "diffview.nvim",
        "rev": "4516612fe98ff56ae0415a259ff6361a89419b0a",
        "type": "github"
      },
      "original": {
        "owner": "sindrets",
        "repo": "diffview.nvim",
        "type": "github"
      }
    },
    "stevearc/conform.nvim": {
      "flake": false,
      "locked": {
        "lastModified": 1741136809,
        "narHash": "sha256-8uC+6rQdLqpfF/lf25mppqK/xgM1+6RGIyZaheaPd48=",
        "owner": "stevearc",
        "repo": "conform.nvim",
        "rev": "db8a4a9edb217067b1d7a2e0362c74bfe9cc944d",
        "type": "github"
      },
      "original": {
        "owner": "stevearc",
        "repo": "conform.nvim",
        "type": "github"
      }
    },
    "systems": {
      "locked": {
        "lastModified": 1681028828,
        "narHash": "sha256-Vy1rq5AaRuLzOxct8nz4T6wlgyUR7zLU309k9mBC768=",
        "owner": "nix-systems",
        "repo": "default",
        "rev": "da67096a3b9bf56a91d16901293e51ba5b49a27e",
        "type": "github"
      },
      "original": {
        "owner": "nix-systems",
        "repo": "default",
        "type": "github"
      }
    },
    "tiagovla/scope.nvim": {
      "flake": false,
      "locked": {
        "lastModified": 1740045483,
        "narHash": "sha256-kvJgMIltiFz0wb6zP40oQ08Bzr93CXeb02csCVie64Y=",
        "owner": "tiagovla",
        "repo": "scope.nvim",
        "rev": "3fc963e75f88990a9467ff72b8eea667a69c30a2",
        "type": "github"
      },
      "original": {
        "owner": "tiagovla",
        "repo": "scope.nvim",
        "type": "github"
      }
    },
    "windwp/nvim-autopairs": {
      "flake": false,
      "locked": {
        "lastModified": 1739522212,
        "narHash": "sha256-FUnYZWSJh5wAfXevH+nK+g/s4WhnzwxbW6a3gUDQI6o=",
        "owner": "windwp",
        "repo": "nvim-autopairs",
        "rev": "68f0e5c3dab23261a945272032ee6700af86227a",
        "type": "github"
      },
      "original": {
        "owner": "windwp",
        "repo": "nvim-autopairs",
        "type": "github"
      }
    }
  },
  "root": "root",
  "version": 7
}
